
Microsoft Visual Studio Solution File, Format Version 12.00
# Visual Studio 15
VisualStudioVersion = 15.0.27703.2047
MinimumVisualStudioVersion = 10.0.40219.1
Project("{8BC9CEB8-8B4A-11D0-8D11-00A0C91BC942}") = "LevelTest", "LevelTest\LevelTest.vcxproj", "{65EC3F3D-BF0D-471C-99D1-290577A7AA87}"
	ProjectSection(ProjectDependencies) = postProject
		{83C0F6B3-2297-4A14-98D6-F9C3E99192CE} = {83C0F6B3-2297-4A14-98D6-F9C3E99192CE}
	EndProjectSection
EndProject
Project("{8BC9CEB8-8B4A-11D0-8D11-00A0C91BC942}") = "libmodutils", "sa2-mod-loader\libmodutils\libmodutils.vcxproj", "{83C0F6B3-2297-4A14-98D6-F9C3E99192CE}"
EndProject
Project("{2150E333-8FDC-42A3-9474-1A3956D46DE8}") = "Dependencies", "Dependencies", "{D9480AF2-DD59-40D0-83F9-9154CD3BD10D}"
EndProject
Global
	GlobalSection(SolutionConfigurationPlatforms) = preSolution
		Debug|x86 = Debug|x86
		Release|x86 = Release|x86
	EndGlobalSection
	GlobalSection(ProjectConfigurationPlatforms) = postSolution
		{65EC3F3D-BF0D-471C-99D1-290577A7AA87}.Debug|x86.ActiveCfg = Debug|Win32
		{65EC3F3D-BF0D-471C-99D1-290577A7AA87}.Debug|x86.Build.0 = Debug|Win32
		{65EC3F3D-BF0D-471C-99D1-290577A7AA87}.Release|x86.ActiveCfg = Release|Win32
		{65EC3F3D-BF0D-471C-99D1-290577A7AA87}.Release|x86.Build.0 = Release|Win32
		{83C0F6B3-2297-4A14-98D6-F9C3E99192CE}.Debug|x86.ActiveCfg = Debug|Win32
		{83C0F6B3-2297-4A14-98D6-F9C3E99192CE}.Debug|x86.Build.0 = Debug|Win32
		{83C0F6B3-2297-4A14-98D6-F9C3E99192CE}.Release|x86.ActiveCfg = Release|Win32
		{83C0F6B3-2297-4A14-98D6-F9C3E99192CE}.Release|x86.Build.0 = Release|Win32
	EndGlobalSection
	GlobalSection(SolutionProperties) = preSolution
		HideSolutionNode = FALSE
	EndGlobalSection
	GlobalSection(NestedProjects) = preSolution
		{83C0F6B3-2297-4A14-98D6-F9C3E99192CE} = {D9480AF2-DD59-40D0-83F9-9154CD3BD10D}
	EndGlobalSection
	GlobalSection(ExtensibilityGlobals) = postSolution
		SolutionGuid = {6302CB96-6E4C-4969-9AC6-132CFC0C99E3}
	EndGlobalSection
EndGlobal
