
Microsoft Visual Studio Solution File, Format Version 12.00
# Visual Studio 15
VisualStudioVersion = 15.0.28010.0
MinimumVisualStudioVersion = 10.0.40219.1
Project("{FAE04EC0-301F-11D3-BF4B-00C04F79EFBC}") = "SetConv", "SetConv\SetConv.csproj", "{45714218-5ED3-4891-9514-C232B091F088}"
EndProject
Global
	GlobalSection(SolutionConfigurationPlatforms) = preSolution
		Debug|Any CPU = Debug|Any CPU
		Release|Any CPU = Release|Any CPU
	EndGlobalSection
	GlobalSection(ProjectConfigurationPlatforms) = postSolution
		{45714218-5ED3-4891-9514-C232B091F088}.Debug|Any CPU.ActiveCfg = Debug|Any CPU
		{45714218-5ED3-4891-9514-C232B091F088}.Debug|Any CPU.Build.0 = Debug|Any CPU
		{45714218-5ED3-4891-9514-C232B091F088}.Release|Any CPU.ActiveCfg = Release|Any CPU
		{45714218-5ED3-4891-9514-C232B091F088}.Release|Any CPU.Build.0 = Release|Any CPU
	EndGlobalSection
	GlobalSection(SolutionProperties) = preSolution
		HideSolutionNode = FALSE
	EndGlobalSection
	GlobalSection(ExtensibilityGlobals) = postSolution
		SolutionGuid = {171B3B83-A550-4B0F-863E-0C1F68B70745}
	EndGlobalSection
EndGlobal
